
Microsoft Visual Studio Solution File, Format Version 12.00
# Visual Studio Version 17
VisualStudioVersion = 17.9.34728.123
MinimumVisualStudioVersion = 10.0.40219.1
Project("{FAE04EC0-301F-11D3-BF4B-00C04F79EFBC}") = "textToWord", "textToWord\textToWord.csproj", "{653432E5-9588-4C80-A238-BE1F3A584C78}"
EndProject
Global
	GlobalSection(SolutionConfigurationPlatforms) = preSolution
		Debug|Any CPU = Debug|Any CPU
		Release|Any CPU = Release|Any CPU
	EndGlobalSection
	GlobalSection(ProjectConfigurationPlatforms) = postSolution
		{653432E5-9588-4C80-A238-BE1F3A584C78}.Debug|Any CPU.ActiveCfg = Debug|Any CPU
		{653432E5-9588-4C80-A238-BE1F3A584C78}.Debug|Any CPU.Build.0 = Debug|Any CPU
		{653432E5-9588-4C80-A238-BE1F3A584C78}.Release|Any CPU.ActiveCfg = Release|Any CPU
		{653432E5-9588-4C80-A238-BE1F3A584C78}.Release|Any CPU.Build.0 = Release|Any CPU
	EndGlobalSection
	GlobalSection(SolutionProperties) = preSolution
		HideSolutionNode = FALSE
	EndGlobalSection
	GlobalSection(ExtensibilityGlobals) = postSolution
		SolutionGuid = {2EAB8235-D7B4-4CEF-AB75-3ECEEB9CC525}
	EndGlobalSection
EndGlobal
